{
    "_readme": [
        "This file locks the dependencies of your project to a known state",
        "Read more about it at https://getcomposer.org/doc/01-basic-usage.md#installing-dependencies",
        "This file is @generated automatically"
    ],
    "content-hash": "66c2e6e718045fb2c443bf352876765e",
    "packages": [
        {
            "name": "umpirsky/language-list",
            "version": "v1.1",
            "source": {
                "type": "git",
                "url": "https://github.com/umpirsky/language-list.git",
                "reference": "7813f6696559496d014acd5dce0e3b09c0766844"
            },
            "dist": {
                "type": "zip",
                "url": "https://api.github.com/repos/umpirsky/language-list/zipball/7813f6696559496d014acd5dce0e3b09c0766844",
                "reference": "7813f6696559496d014acd5dce0e3b09c0766844",
                "shasum": ""
            },
            "require": {
                "php": ">=5.4"
            },
            "require-dev": {
                "slowprog/composer-copy-file": "^0.2",
                "symfony/locale": "^2.7|^3.0",
                "umpirsky/list-generator": "^1.1"
            },
            "type": "library",
            "extra": {
                "copy-file": {
                    "vendor/umpirsky/list-generator/Dockerfile": "./",
                    "vendor/umpirsky/list-generator/docker-compose.yml": "./"
                }
            },
            "notification-url": "https://packagist.org/downloads/",
            "license": [
                "MIT"
            ],
            "authors": [
                {
                    "name": "Saša Stamenković",
                    "email": "umpirsky@gmail.com"
                }
            ],
            "description": "List of all languages with names and ISO 639-1 codes in all languages and all data formats.",
            "support": {
                "issues": "https://github.com/umpirsky/language-list/issues",
                "source": "https://github.com/umpirsky/language-list/tree/master"
            },
            "time": "2018-05-08T16:54:36+00:00"
        }
    ],
    "packages-dev": [],
    "aliases": [],
    "minimum-stability": "stable",
    "stability-flags": [],
    "prefer-stable": false,
    "prefer-lowest": false,
    "platform": [],
    "platform-dev": [],
    "plugin-api-version": "2.2.0"
}
